
Microsoft Visual Studio Solution File, Format Version 12.00
# Visual Studio Version 16
VisualStudioVersion = 16.0.30114.105
MinimumVisualStudioVersion = 10.0.40219.1
Project("{FAE04EC0-301F-11D3-BF4B-00C04F79EFBC}") = "RNAseqAnalysis-0529", "RNAseqAnalysis-0529\RNAseqAnalysis-0529.csproj", "{DD332B14-0721-49B7-AC0A-0B79C2F66417}"
EndProject
Global
	GlobalSection(SolutionConfigurationPlatforms) = preSolution
		Debug|Any CPU = Debug|Any CPU
		Debug|x64 = Debug|x64
		Release|Any CPU = Release|Any CPU
		Release|x64 = Release|x64
	EndGlobalSection
	GlobalSection(ProjectConfigurationPlatforms) = postSolution
		{DD332B14-0721-49B7-AC0A-0B79C2F66417}.Debug|Any CPU.ActiveCfg = Debug|Any CPU
		{DD332B14-0721-49B7-AC0A-0B79C2F66417}.Debug|Any CPU.Build.0 = Debug|Any CPU
		{DD332B14-0721-49B7-AC0A-0B79C2F66417}.Debug|x64.ActiveCfg = Debug|x64
		{DD332B14-0721-49B7-AC0A-0B79C2F66417}.Debug|x64.Build.0 = Debug|x64
		{DD332B14-0721-49B7-AC0A-0B79C2F66417}.Release|Any CPU.ActiveCfg = Release|Any CPU
		{DD332B14-0721-49B7-AC0A-0B79C2F66417}.Release|Any CPU.Build.0 = Release|Any CPU
		{DD332B14-0721-49B7-AC0A-0B79C2F66417}.Release|x64.ActiveCfg = Release|x64
		{DD332B14-0721-49B7-AC0A-0B79C2F66417}.Release|x64.Build.0 = Release|x64
	EndGlobalSection
	GlobalSection(SolutionProperties) = preSolution
		HideSolutionNode = FALSE
	EndGlobalSection
	GlobalSection(ExtensibilityGlobals) = postSolution
		SolutionGuid = {58E6D01D-B800-4725-A5E4-43473617DDAF}
	EndGlobalSection
EndGlobal
